// !$*UTF8*$!
{
	archiveVersion = 1;
	classes = {
	};
	objectVersion = 46;
	objects = {

/* Begin PBXBuildFile section */
		297579151B71AF9D000670E4 /* main.m in Sources */ = {isa = PBXBuildFile; fileRef = 297579141B71AF9D000670E4 /* main.m */; };
		297579181B71AF9D000670E4 /* AppDelegate.m in Sources */ = {isa = PBXBuildFile; fileRef = 297579171B71AF9D000670E4 /* AppDelegate.m */; };
		2975791B1B71AF9D000670E4 /* ViewController.m in Sources */ = {isa = PBXBuildFile; fileRef = 2975791A1B71AF9D000670E4 /* ViewController.m */; };
		2975791E1B71AF9D000670E4 /* Main.storyboard in Resources */ = {isa = PBXBuildFile; fileRef = 2975791C1B71AF9D000670E4 /* Main.storyboard */; };
		297579201B71AF9D000670E4 /* Images.xcassets in Resources */ = {isa = PBXBuildFile; fileRef = 2975791F1B71AF9D000670E4 /* Images.xcassets */; };
		297579231B71AF9D000670E4 /* LaunchScreen.xib in Resources */ = {isa = PBXBuildFile; fileRef = 297579211B71AF9D000670E4 /* LaunchScreen.xib */; };
		2975792F1B71AF9E000670E4 /* JLWebMediaTests.m in Sources */ = {isa = PBXBuildFile; fileRef = 2975792E1B71AF9E000670E4 /* JLWebMediaTests.m */; };
		297579651B71B0B9000670E4 /* SDVideoCache.m in Sources */ = {isa = PBXBuildFile; fileRef = 2975795C1B71B0B9000670E4 /* SDVideoCache.m */; };
		297579661B71B0B9000670E4 /* SDWebVideoFile.m in Sources */ = {isa = PBXBuildFile; fileRef = 2975795F1B71B0B9000670E4 /* SDWebVideoFile.m */; };
		297579671B71B0B9000670E4 /* JLWebVideoManager.m in Sources */ = {isa = PBXBuildFile; fileRef = 297579611B71B0B9000670E4 /* JLWebVideoManager.m */; };
		297579731B71EFB5000670E4 /* JLWebMediaFileControl.m in Sources */ = {isa = PBXBuildFile; fileRef = 2975796C1B71EFB5000670E4 /* JLWebMediaFileControl.m */; };
		297579741B71EFB5000670E4 /* JLWebMediaDownloader+sessionDelegate.m in Sources */ = {isa = PBXBuildFile; fileRef = 297579701B71EFB5000670E4 /* JLWebMediaDownloader+sessionDelegate.m */; };
		297579751B71EFB5000670E4 /* JLWebMediaDownloader.m in Sources */ = {isa = PBXBuildFile; fileRef = 297579721B71EFB5000670E4 /* JLWebMediaDownloader.m */; };
/* End PBXBuildFile section */

/* Begin PBXContainerItemProxy section */
		297579291B71AF9E000670E4 /* PBXContainerItemProxy */ = {
			isa = PBXContainerItemProxy;
			containerPortal = 297579071B71AF9D000670E4 /* Project object */;
			proxyType = 1;
			remoteGlobalIDString = 2975790E1B71AF9D000670E4;
			remoteInfo = JLWebMedia;
		};
/* End PBXContainerItemProxy section */

/* Begin PBXFileReference section */
		2975790F1B71AF9D000670E4 /* JLWebMedia.app */ = {isa = PBXFileReference; explicitFileType = wrapper.application; includeInIndex = 0; path = JLWebMedia.app; sourceTree = BUILT_PRODUCTS_DIR; };
		297579131B71AF9D000670E4 /* Info.plist */ = {isa = PBXFileReference; lastKnownFileType = text.plist.xml; path = Info.plist; sourceTree = "<group>"; };
		297579141B71AF9D000670E4 /* main.m */ = {isa = PBXFileReference; lastKnownFileType = sourcecode.c.objc; path = main.m; sourceTree = "<group>"; };
		297579161B71AF9D000670E4 /* AppDelegate.h */ = {isa = PBXFileReference; lastKnownFileType = sourcecode.c.h; path = AppDelegate.h; sourceTree = "<group>"; };
		297579171B71AF9D000670E4 /* AppDelegate.m */ = {isa = PBXFileReference; lastKnownFileType = sourcecode.c.objc; path = AppDelegate.m; sourceTree = "<group>"; };
		297579191B71AF9D000670E4 /* ViewController.h */ = {isa = PBXFileReference; lastKnownFileType = sourcecode.c.h; name = ViewController.h; path = ../ViewController.h; sourceTree = "<group>"; };
		2975791A1B71AF9D000670E4 /* ViewController.m */ = {isa = PBXFileReference; lastKnownFileType = sourcecode.c.objc; name = ViewController.m; path = ../ViewController.m; sourceTree = "<group>"; };
		2975791D1B71AF9D000670E4 /* Base */ = {isa = PBXFileReference; lastKnownFileType = file.storyboard; name = Base; path = Base.lproj/Main.storyboard; sourceTree = "<group>"; };
		2975791F1B71AF9D000670E4 /* Images.xcassets */ = {isa = PBXFileReference; lastKnownFileType = folder.assetcatalog; path = Images.xcassets; sourceTree = "<group>"; };
		297579221B71AF9D000670E4 /* Base */ = {isa = PBXFileReference; lastKnownFileType = file.xib; name = Base; path = Base.lproj/LaunchScreen.xib; sourceTree = "<group>"; };
		297579281B71AF9E000670E4 /* JLWebMediaTests.xctest */ = {isa = PBXFileReference; explicitFileType = wrapper.cfbundle; includeInIndex = 0; path = JLWebMediaTests.xctest; sourceTree = BUILT_PRODUCTS_DIR; };
		2975792D1B71AF9E000670E4 /* Info.plist */ = {isa = PBXFileReference; lastKnownFileType = text.plist.xml; path = Info.plist; sourceTree = "<group>"; };
		2975792E1B71AF9E000670E4 /* JLWebMediaTests.m */ = {isa = PBXFileReference; lastKnownFileType = sourcecode.c.objc; path = JLWebMediaTests.m; sourceTree = "<group>"; };
		2975795B1B71B0B9000670E4 /* SDVideoCache.h */ = {isa = PBXFileReference; fileEncoding = 4; lastKnownFileType = sourcecode.c.h; path = SDVideoCache.h; sourceTree = "<group>"; };
		2975795C1B71B0B9000670E4 /* SDVideoCache.m */ = {isa = PBXFileReference; fileEncoding = 4; lastKnownFileType = sourcecode.c.objc; path = SDVideoCache.m; sourceTree = "<group>"; };
		2975795E1B71B0B9000670E4 /* SDWebVideoFile.h */ = {isa = PBXFileReference; fileEncoding = 4; lastKnownFileType = sourcecode.c.h; path = SDWebVideoFile.h; sourceTree = "<group>"; };
		2975795F1B71B0B9000670E4 /* SDWebVideoFile.m */ = {isa = PBXFileReference; fileEncoding = 4; lastKnownFileType = sourcecode.c.objc; path = SDWebVideoFile.m; sourceTree = "<group>"; };
		297579601B71B0B9000670E4 /* JLWebVideoManager.h */ = {isa = PBXFileReference; fileEncoding = 4; lastKnownFileType = sourcecode.c.h; path = JLWebVideoManager.h; sourceTree = "<group>"; };
		297579611B71B0B9000670E4 /* JLWebVideoManager.m */ = {isa = PBXFileReference; fileEncoding = 4; lastKnownFileType = sourcecode.c.objc; path = JLWebVideoManager.m; sourceTree = "<group>"; };
		2975796A1B71EFB5000670E4 /* JLWebMediaCompat.h */ = {isa = PBXFileReference; fileEncoding = 4; lastKnownFileType = sourcecode.c.h; path = JLWebMediaCompat.h; sourceTree = "<group>"; };
		2975796B1B71EFB5000670E4 /* JLWebMediaFileControl.h */ = {isa = PBXFileReference; fileEncoding = 4; lastKnownFileType = sourcecode.c.h; path = JLWebMediaFileControl.h; sourceTree = "<group>"; };
		2975796C1B71EFB5000670E4 /* JLWebMediaFileControl.m */ = {isa = PBXFileReference; fileEncoding = 4; lastKnownFileType = sourcecode.c.objc; path = JLWebMediaFileControl.m; sourceTree = "<group>"; };
		2975796D1B71EFB5000670E4 /* JLWebMediaOperation.h */ = {isa = PBXFileReference; fileEncoding = 4; lastKnownFileType = sourcecode.c.h; path = JLWebMediaOperation.h; sourceTree = "<group>"; };
		2975796F1B71EFB5000670E4 /* JLWebMediaDownloader+sessionDelegate.h */ = {isa = PBXFileReference; fileEncoding = 4; lastKnownFileType = sourcecode.c.h; path = "JLWebMediaDownloader+sessionDelegate.h"; sourceTree = "<group>"; };
		297579701B71EFB5000670E4 /* JLWebMediaDownloader+sessionDelegate.m */ = {isa = PBXFileReference; fileEncoding = 4; lastKnownFileType = sourcecode.c.objc; path = "JLWebMediaDownloader+sessionDelegate.m"; sourceTree = "<group>"; };
		297579711B71EFB5000670E4 /* JLWebMediaDownloader.h */ = {isa = PBXFileReference; fileEncoding = 4; lastKnownFileType = sourcecode.c.h; path = JLWebMediaDownloader.h; sourceTree = "<group>"; };
		297579721B71EFB5000670E4 /* JLWebMediaDownloader.m */ = {isa = PBXFileReference; fileEncoding = 4; lastKnownFileType = sourcecode.c.objc; path = JLWebMediaDownloader.m; sourceTree = "<group>"; };
/* End PBXFileReference section */

/* Begin PBXFrameworksBuildPhase section */
		2975790C1B71AF9D000670E4 /* Frameworks */ = {
			isa = PBXFrameworksBuildPhase;
			buildActionMask = 2147483647;
			files = (
			);
			runOnlyForDeploymentPostprocessing = 0;
		};
		297579251B71AF9E000670E4 /* Frameworks */ = {
			isa = PBXFrameworksBuildPhase;
			buildActionMask = 2147483647;
			files = (
			);
			runOnlyForDeploymentPostprocessing = 0;
		};
/* End PBXFrameworksBuildPhase section */

/* Begin PBXGroup section */
		297579061B71AF9D000670E4 = {
			isa = PBXGroup;
			children = (
				297579111B71AF9D000670E4 /* JLWebMedia */,
				2975792B1B71AF9E000670E4 /* JLWebMediaTests */,
				297579101B71AF9D000670E4 /* Products */,
			);
			sourceTree = "<group>";
		};
		297579101B71AF9D000670E4 /* Products */ = {
			isa = PBXGroup;
			children = (
				2975790F1B71AF9D000670E4 /* JLWebMedia.app */,
				297579281B71AF9E000670E4 /* JLWebMediaTests.xctest */,
			);
			name = Products;
			sourceTree = "<group>";
		};
		297579111B71AF9D000670E4 /* JLWebMedia */ = {
			isa = PBXGroup;
			children = (
				2975793A1B71B055000670E4 /* Classes */,
				2975793B1B71B055000670E4 /* Demo */,
				297579161B71AF9D000670E4 /* AppDelegate.h */,
				297579171B71AF9D000670E4 /* AppDelegate.m */,
				2975791C1B71AF9D000670E4 /* Main.storyboard */,
				2975791F1B71AF9D000670E4 /* Images.xcassets */,
				297579211B71AF9D000670E4 /* LaunchScreen.xib */,
				297579121B71AF9D000670E4 /* Supporting Files */,
			);
			path = JLWebMedia;
			sourceTree = "<group>";
		};
		297579121B71AF9D000670E4 /* Supporting Files */ = {
			isa = PBXGroup;
			children = (
				297579131B71AF9D000670E4 /* Info.plist */,
				297579141B71AF9D000670E4 /* main.m */,
			);
			name = "Supporting Files";
			sourceTree = "<group>";
		};
		2975792B1B71AF9E000670E4 /* JLWebMediaTests */ = {
			isa = PBXGroup;
			children = (
				2975792E1B71AF9E000670E4 /* JLWebMediaTests.m */,
				2975792C1B71AF9E000670E4 /* Supporting Files */,
			);
			path = JLWebMediaTests;
			sourceTree = "<group>";
		};
		2975792C1B71AF9E000670E4 /* Supporting Files */ = {
			isa = PBXGroup;
			children = (
				2975792D1B71AF9E000670E4 /* Info.plist */,
			);
			name = "Supporting Files";
			sourceTree = "<group>";
		};
		2975793A1B71B055000670E4 /* Classes */ = {
			isa = PBXGroup;
			children = (
				297579691B71EFB5000670E4 /* common */,
				2975796E1B71EFB5000670E4 /* downloader */,
				2975795A1B71B0B9000670E4 /* videoCache */,
			);
			path = Classes;
			sourceTree = "<group>";
		};
		2975793B1B71B055000670E4 /* Demo */ = {
			isa = PBXGroup;
			children = (
				297579191B71AF9D000670E4 /* ViewController.h */,
				2975791A1B71AF9D000670E4 /* ViewController.m */,
			);
			path = Demo;
			sourceTree = "<group>";
		};
		2975795A1B71B0B9000670E4 /* videoCache */ = {
			isa = PBXGroup;
			children = (
				2975795B1B71B0B9000670E4 /* SDVideoCache.h */,
				2975795C1B71B0B9000670E4 /* SDVideoCache.m */,
				2975795E1B71B0B9000670E4 /* SDWebVideoFile.h */,
				2975795F1B71B0B9000670E4 /* SDWebVideoFile.m */,
				297579601B71B0B9000670E4 /* JLWebVideoManager.h */,
				297579611B71B0B9000670E4 /* JLWebVideoManager.m */,
			);
			path = videoCache;
			sourceTree = "<group>";
		};
		297579691B71EFB5000670E4 /* common */ = {
			isa = PBXGroup;
			children = (
				2975796A1B71EFB5000670E4 /* JLWebMediaCompat.h */,
				2975796B1B71EFB5000670E4 /* JLWebMediaFileControl.h */,
				2975796C1B71EFB5000670E4 /* JLWebMediaFileControl.m */,
				2975796D1B71EFB5000670E4 /* JLWebMediaOperation.h */,
			);
			path = common;
			sourceTree = "<group>";
		};
		2975796E1B71EFB5000670E4 /* downloader */ = {
			isa = PBXGroup;
			children = (
				297579711B71EFB5000670E4 /* JLWebMediaDownloader.h */,
				297579721B71EFB5000670E4 /* JLWebMediaDownloader.m */,
				2975796F1B71EFB5000670E4 /* JLWebMediaDownloader+sessionDelegate.h */,
				297579701B71EFB5000670E4 /* JLWebMediaDownloader+sessionDelegate.m */,
			);
			path = downloader;
			sourceTree = "<group>";
		};
/* End PBXGroup section */

/* Begin PBXNativeTarget section */
		2975790E1B71AF9D000670E4 /* JLWebMedia */ = {
			isa = PBXNativeTarget;
			buildConfigurationList = 297579321B71AF9E000670E4 /* Build configuration list for PBXNativeTarget "JLWebMedia" */;
			buildPhases = (
				2975790B1B71AF9D000670E4 /* Sources */,
				2975790C1B71AF9D000670E4 /* Frameworks */,
				2975790D1B71AF9D000670E4 /* Resources */,
			);
			buildRules = (
			);
			dependencies = (
			);
			name = JLWebMedia;
			productName = JLWebMedia;
			productReference = 2975790F1B71AF9D000670E4 /* JLWebMedia.app */;
			productType = "com.apple.product-type.application";
		};
		297579271B71AF9E000670E4 /* JLWebMediaTests */ = {
			isa = PBXNativeTarget;
			buildConfigurationList = 297579351B71AF9E000670E4 /* Build configuration list for PBXNativeTarget "JLWebMediaTests" */;
			buildPhases = (
				297579241B71AF9E000670E4 /* Sources */,
				297579251B71AF9E000670E4 /* Frameworks */,
				297579261B71AF9E000670E4 /* Resources */,
			);
			buildRules = (
			);
			dependencies = (
				2975792A1B71AF9E000670E4 /* PBXTargetDependency */,
			);
			name = JLWebMediaTests;
			productName = JLWebMediaTests;
			productReference = 297579281B71AF9E000670E4 /* JLWebMediaTests.xctest */;
			productType = "com.apple.product-type.bundle.unit-test";
		};
/* End PBXNativeTarget section */

/* Begin PBXProject section */
		297579071B71AF9D000670E4 /* Project object */ = {
			isa = PBXProject;
			attributes = {
				LastUpgradeCheck = 0630;
				ORGANIZATIONNAME = jeremyLyu;
				TargetAttributes = {
					2975790E1B71AF9D000670E4 = {
						CreatedOnToolsVersion = 6.3.2;
					};
					297579271B71AF9E000670E4 = {
						CreatedOnToolsVersion = 6.3.2;
						TestTargetID = 2975790E1B71AF9D000670E4;
					};
				};
			};
			buildConfigurationList = 2975790A1B71AF9D000670E4 /* Build configuration list for PBXProject "JLWebMedia" */;
			compatibilityVersion = "Xcode 3.2";
			developmentRegion = English;
			hasScannedForEncodings = 0;
			knownRegions = (
				en,
				Base,
			);
			mainGroup = 297579061B71AF9D000670E4;
			productRefGroup = 297579101B71AF9D000670E4 /* Products */;
			projectDirPath = "";
			projectRoot = "";
			targets = (
				2975790E1B71AF9D000670E4 /* JLWebMedia */,
				297579271B71AF9E000670E4 /* JLWebMediaTests */,
			);
		};
/* End PBXProject section */

/* Begin PBXResourcesBuildPhase section */
		2975790D1B71AF9D000670E4 /* Resources */ = {
			isa = PBXResourcesBuildPhase;
			buildActionMask = 2147483647;
			files = (
				2975791E1B71AF9D000670E4 /* Main.storyboard in Resources */,
				297579231B71AF9D000670E4 /* LaunchScreen.xib in Resources */,
				297579201B71AF9D000670E4 /* Images.xcassets in Resources */,
			);
			runOnlyForDeploymentPostprocessing = 0;
		};
		297579261B71AF9E000670E4 /* Resources */ = {
			isa = PBXResourcesBuildPhase;
			buildActionMask = 2147483647;
			files = (
			);
			runOnlyForDeploymentPostprocessing = 0;
		};
/* End PBXResourcesBuildPhase section */

/* Begin PBXSourcesBuildPhase section */
		2975790B1B71AF9D000670E4 /* Sources */ = {
			isa = PBXSourcesBuildPhase;
			buildActionMask = 2147483647;
			files = (
				297579731B71EFB5000670E4 /* JLWebMediaFileControl.m in Sources */,
				2975791B1B71AF9D000670E4 /* ViewController.m in Sources */,
				297579181B71AF9D000670E4 /* AppDelegate.m in Sources */,
				297579651B71B0B9000670E4 /* SDVideoCache.m in Sources */,
				297579671B71B0B9000670E4 /* JLWebVideoManager.m in Sources */,
				297579151B71AF9D000670E4 /* main.m in Sources */,
				297579741B71EFB5000670E4 /* JLWebMediaDownloader+sessionDelegate.m in Sources */,
				297579661B71B0B9000670E4 /* SDWebVideoFile.m in Sources */,
				297579751B71EFB5000670E4 /* JLWebMediaDownloader.m in Sources */,
			);
			runOnlyForDeploymentPostprocessing = 0;
		};
		297579241B71AF9E000670E4 /* Sources */ = {
			isa = PBXSourcesBuildPhase;
			buildActionMask = 2147483647;
			files = (
				2975792F1B71AF9E000670E4 /* JLWebMediaTests.m in Sources */,
			);
			runOnlyForDeploymentPostprocessing = 0;
		};
/* End PBXSourcesBuildPhase section */

/* Begin PBXTargetDependency section */
		2975792A1B71AF9E000670E4 /* PBXTargetDependency */ = {
			isa = PBXTargetDependency;
			target = 2975790E1B71AF9D000670E4 /* JLWebMedia */;
			targetProxy = 297579291B71AF9E000670E4 /* PBXContainerItemProxy */;
		};
/* End PBXTargetDependency section */

/* Begin PBXVariantGroup section */
		2975791C1B71AF9D000670E4 /* Main.storyboard */ = {
			isa = PBXVariantGroup;
			children = (
				2975791D1B71AF9D000670E4 /* Base */,
			);
			name = Main.storyboard;
			sourceTree = "<group>";
		};
		297579211B71AF9D000670E4 /* LaunchScreen.xib */ = {
			isa = PBXVariantGroup;
			children = (
				297579221B71AF9D000670E4 /* Base */,
			);
			name = LaunchScreen.xib;
			sourceTree = "<group>";
		};
/* End PBXVariantGroup section */

/* Begin XCBuildConfiguration section */
		297579301B71AF9E000670E4 /* Debug */ = {
			isa = XCBuildConfiguration;
			buildSettings = {
				ALWAYS_SEARCH_USER_PATHS = NO;
				CLANG_CXX_LANGUAGE_STANDARD = "gnu++0x";
				CLANG_CXX_LIBRARY = "libc++";
				CLANG_ENABLE_MODULES = YES;
				CLANG_ENABLE_OBJC_ARC = YES;
				CLANG_WARN_BOOL_CONVERSION = YES;
				CLANG_WARN_CONSTANT_CONVERSION = YES;
				CLANG_WARN_DIRECT_OBJC_ISA_USAGE = YES_ERROR;
				CLANG_WARN_EMPTY_BODY = YES;
				CLANG_WARN_ENUM_CONVERSION = YES;
				CLANG_WARN_INT_CONVERSION = YES;
				CLANG_WARN_OBJC_ROOT_CLASS = YES_ERROR;
				CLANG_WARN_UNREACHABLE_CODE = YES;
				CLANG_WARN__DUPLICATE_METHOD_MATCH = YES;
				"CODE_SIGN_IDENTITY[sdk=iphoneos*]" = "iPhone Developer";
				COPY_PHASE_STRIP = NO;
				DEBUG_INFORMATION_FORMAT = "dwarf-with-dsym";
				ENABLE_STRICT_OBJC_MSGSEND = YES;
				GCC_C_LANGUAGE_STANDARD = gnu99;
				GCC_DYNAMIC_NO_PIC = NO;
				GCC_NO_COMMON_BLOCKS = YES;
				GCC_OPTIMIZATION_LEVEL = 0;
				GCC_PREPROCESSOR_DEFINITIONS = (
					"DEBUG=1",
					"$(inherited)",
				);
				GCC_SYMBOLS_PRIVATE_EXTERN = NO;
				GCC_WARN_64_TO_32_BIT_CONVERSION = YES;
				GCC_WARN_ABOUT_RETURN_TYPE = YES_ERROR;
				GCC_WARN_UNDECLARED_SELECTOR = YES;
				GCC_WARN_UNINITIALIZED_AUTOS = YES_AGGRESSIVE;
				GCC_WARN_UNUSED_FUNCTION = YES;
				GCC_WARN_UNUSED_VARIABLE = YES;
				IPHONEOS_DEPLOYMENT_TARGET = 8.3;
				MTL_ENABLE_DEBUG_INFO = YES;
				ONLY_ACTIVE_ARCH = YES;
				SDKROOT = iphoneos;
			};
			name = Debug;
		};
		297579311B71AF9E000670E4 /* Release */ = {
			isa = XCBuildConfiguration;
			buildSettings = {
				ALWAYS_SEARCH_USER_PATHS = NO;
				CLANG_CXX_LANGUAGE_STANDARD = "gnu++0x";
				CLANG_CXX_LIBRARY = "libc++";
				CLANG_ENABLE_MODULES = YES;
				CLANG_ENABLE_OBJC_ARC = YES;
				CLANG_WARN_BOOL_CONVERSION = YES;
				CLANG_WARN_CONSTANT_CONVERSION = YES;
				CLANG_WARN_DIRECT_OBJC_ISA_USAGE = YES_ERROR;
				CLANG_WARN_EMPTY_BODY = YES;
				CLANG_WARN_ENUM_CONVERSION = YES;
				CLANG_WARN_INT_CONVERSION = YES;
				CLANG_WARN_OBJC_ROOT_CLASS = YES_ERROR;
				CLANG_WARN_UNREACHABLE_CODE = YES;
				CLANG_WARN__DUPLICATE_METHOD_MATCH = YES;
				"CODE_SIGN_IDENTITY[sdk=iphoneos*]" = "iPhone Developer";
				COPY_PHASE_STRIP = NO;
				DEBUG_INFORMATION_FORMAT = "dwarf-with-dsym";
				ENABLE_NS_ASSERTIONS = NO;
				ENABLE_STRICT_OBJC_MSGSEND = YES;
				GCC_C_LANGUAGE_STANDARD = gnu99;
				GCC_NO_COMMON_BLOCKS = YES;
				GCC_WARN_64_TO_32_BIT_CONVERSION = YES;
				GCC_WARN_ABOUT_RETURN_TYPE = YES_ERROR;
				GCC_WARN_UNDECLARED_SELECTOR = YES;
				GCC_WARN_UNINITIALIZED_AUTOS = YES_AGGRESSIVE;
				GCC_WARN_UNUSED_FUNCTION = YES;
				GCC_WARN_UNUSED_VARIABLE = YES;
				IPHONEOS_DEPLOYMENT_TARGET = 8.3;
				MTL_ENABLE_DEBUG_INFO = NO;
				SDKROOT = iphoneos;
				VALIDATE_PRODUCT = YES;
			};
			name = Release;
		};
		297579331B71AF9E000670E4 /* Debug */ = {
			isa = XCBuildConfiguration;
			buildSettings = {
				ASSETCATALOG_COMPILER_APPICON_NAME = AppIcon;
				INFOPLIST_FILE = JLWebMedia/Info.plist;
				LD_RUNPATH_SEARCH_PATHS = "$(inherited) @executable_path/Frameworks";
				PRODUCT_NAME = "$(TARGET_NAME)";
			};
			name = Debug;
		};
		297579341B71AF9E000670E4 /* Release */ = {
			isa = XCBuildConfiguration;
			buildSettings = {
				ASSETCATALOG_COMPILER_APPICON_NAME = AppIcon;
				INFOPLIST_FILE = JLWebMedia/Info.plist;
				LD_RUNPATH_SEARCH_PATHS = "$(inherited) @executable_path/Frameworks";
				PRODUCT_NAME = "$(TARGET_NAME)";
			};
			name = Release;
		};
		297579361B71AF9E000670E4 /* Debug */ = {
			isa = XCBuildConfiguration;
			buildSettings = {
				BUNDLE_LOADER = "$(TEST_HOST)";
				FRAMEWORK_SEARCH_PATHS = (
					"$(SDKROOT)/Developer/Library/Frameworks",
					"$(inherited)",
				);
				GCC_PREPROCESSOR_DEFINITIONS = (
					"DEBUG=1",
					"$(inherited)",
				);
				INFOPLIST_FILE = JLWebMediaTests/Info.plist;
				LD_RUNPATH_SEARCH_PATHS = "$(inherited) @executable_path/Frameworks @loader_path/Frameworks";
				PRODUCT_NAME = "$(TARGET_NAME)";
				TEST_HOST = "$(BUILT_PRODUCTS_DIR)/JLWebMedia.app/JLWebMedia";
			};
			name = Debug;
		};
		297579371B71AF9E000670E4 /* Release */ = {
			isa = XCBuildConfiguration;
			buildSettings = {
				BUNDLE_LOADER = "$(TEST_HOST)";
				FRAMEWORK_SEARCH_PATHS = (
					"$(SDKROOT)/Developer/Library/Frameworks",
					"$(inherited)",
				);
				INFOPLIST_FILE = JLWebMediaTests/Info.plist;
				LD_RUNPATH_SEARCH_PATHS = "$(inherited) @executable_path/Frameworks @loader_path/Frameworks";
				PRODUCT_NAME = "$(TARGET_NAME)";
				TEST_HOST = "$(BUILT_PRODUCTS_DIR)/JLWebMedia.app/JLWebMedia";
			};
			name = Release;
		};
/* End XCBuildConfiguration section */

/* Begin XCConfigurationList section */
		2975790A1B71AF9D000670E4 /* Build configuration list for PBXProject "JLWebMedia" */ = {
			isa = XCConfigurationList;
			buildConfigurations = (
				297579301B71AF9E000670E4 /* Debug */,
				297579311B71AF9E000670E4 /* Release */,
			);
			defaultConfigurationIsVisible = 0;
			defaultConfigurationName = Release;
		};
		297579321B71AF9E000670E4 /* Build configuration list for PBXNativeTarget "JLWebMedia" */ = {
			isa = XCConfigurationList;
			buildConfigurations = (
				297579331B71AF9E000670E4 /* Debug */,
				297579341B71AF9E000670E4 /* Release */,
			);
			defaultConfigurationIsVisible = 0;
			defaultConfigurationName = Release;
		};
		297579351B71AF9E000670E4 /* Build configuration list for PBXNativeTarget "JLWebMediaTests" */ = {
			isa = XCConfigurationList;
			buildConfigurations = (
				297579361B71AF9E000670E4 /* Debug */,
				297579371B71AF9E000670E4 /* Release */,
			);
			defaultConfigurationIsVisible = 0;
			defaultConfigurationName = Release;
		};
/* End XCConfigurationList section */
	};
	rootObject = 297579071B71AF9D000670E4 /* Project object */;
}
